// !$*UTF8*$!
{
	archiveVersion = 1;
	classes = {
	};
	objectVersion = 50;
	objects = {

/* Begin PBXBuildFile section */
		95F03BD0238D707B00E8ED7E /* AppDelegate.swift in Sources */ = {isa = PBXBuildFile; fileRef = 95F03BCF238D707B00E8ED7E /* AppDelegate.swift */; };
		95F03BD2238D707B00E8ED7E /* SceneDelegate.swift in Sources */ = {isa = PBXBuildFile; fileRef = 95F03BD1238D707B00E8ED7E /* SceneDelegate.swift */; };
		95F03BD4238D707B00E8ED7E /* ContentView.swift in Sources */ = {isa = PBXBuildFile; fileRef = 95F03BD3238D707B00E8ED7E /* ContentView.swift */; };
		95F03BD6238D707C00E8ED7E /* Assets.xcassets in Resources */ = {isa = PBXBuildFile; fileRef = 95F03BD5238D707C00E8ED7E /* Assets.xcassets */; };
		95F03BD9238D707C00E8ED7E /* Preview Assets.xcassets in Resources */ = {isa = PBXBuildFile; fileRef = 95F03BD8238D707C00E8ED7E /* Preview Assets.xcassets */; };
		95F03BDC238D707C00E8ED7E /* LaunchScreen.storyboard in Resources */ = {isa = PBXBuildFile; fileRef = 95F03BDA238D707C00E8ED7E /* LaunchScreen.storyboard */; };
		95F03BE4238D709B00E8ED7E /* UserSettings.swift in Sources */ = {isa = PBXBuildFile; fileRef = 95F03BE3238D709B00E8ED7E /* UserSettings.swift */; };
		95F03BE6238D71D000E8ED7E /* Media.swift in Sources */ = {isa = PBXBuildFile; fileRef = 95F03BE5238D71D000E8ED7E /* Media.swift */; };
/* End PBXBuildFile section */

/* Begin PBXFileReference section */
		95F03BCC238D707B00E8ED7E /* PassingAndSharingDataBetweenViewsInSwiftUI.app */ = {isa = PBXFileReference; explicitFileType = wrapper.application; includeInIndex = 0; path = PassingAndSharingDataBetweenViewsInSwiftUI.app; sourceTree = BUILT_PRODUCTS_DIR; };
		95F03BCF238D707B00E8ED7E /* AppDelegate.swift */ = {isa = PBXFileReference; lastKnownFileType = sourcecode.swift; path = AppDelegate.swift; sourceTree = "<group>"; };
		95F03BD1238D707B00E8ED7E /* SceneDelegate.swift */ = {isa = PBXFileReference; lastKnownFileType = sourcecode.swift; path = SceneDelegate.swift; sourceTree = "<group>"; };
		95F03BD3238D707B00E8ED7E /* ContentView.swift */ = {isa = PBXFileReference; lastKnownFileType = sourcecode.swift; path = ContentView.swift; sourceTree = "<group>"; };
		95F03BD5238D707C00E8ED7E /* Assets.xcassets */ = {isa = PBXFileReference; lastKnownFileType = folder.assetcatalog; path = Assets.xcassets; sourceTree = "<group>"; };
		95F03BD8238D707C00E8ED7E /* Preview Assets.xcassets */ = {isa = PBXFileReference; lastKnownFileType = folder.assetcatalog; path = "Preview Assets.xcassets"; sourceTree = "<group>"; };
		95F03BDB238D707C00E8ED7E /* Base */ = {isa = PBXFileReference; lastKnownFileType = file.storyboard; name = Base; path = Base.lproj/LaunchScreen.storyboard; sourceTree = "<group>"; };
		95F03BDD238D707C00E8ED7E /* Info.plist */ = {isa = PBXFileReference; lastKnownFileType = text.plist.xml; path = Info.plist; sourceTree = "<group>"; };
		95F03BE3238D709B00E8ED7E /* UserSettings.swift */ = {isa = PBXFileReference; lastKnownFileType = sourcecode.swift; path = UserSettings.swift; sourceTree = "<group>"; };
		95F03BE5238D71D000E8ED7E /* Media.swift */ = {isa = PBXFileReference; lastKnownFileType = sourcecode.swift; path = Media.swift; sourceTree = "<group>"; };
/* End PBXFileReference section */

/* Begin PBXFrameworksBuildPhase section */
		95F03BC9238D707B00E8ED7E /* Frameworks */ = {
			isa = PBXFrameworksBuildPhase;
			buildActionMask = 2147483647;
			files = (
			);
			runOnlyForDeploymentPostprocessing = 0;
		};
/* End PBXFrameworksBuildPhase section */

/* Begin PBXGroup section */
		95F03BC3238D707B00E8ED7E = {
			isa = PBXGroup;
			children = (
				95F03BCE238D707B00E8ED7E /* PassingAndSharingDataBetweenViewsInSwiftUI */,
				95F03BCD238D707B00E8ED7E /* Products */,
			);
			sourceTree = "<group>";
		};
		95F03BCD238D707B00E8ED7E /* Products */ = {
			isa = PBXGroup;
			children = (
				95F03BCC238D707B00E8ED7E /* PassingAndSharingDataBetweenViewsInSwiftUI.app */,
			);
			name = Products;
			sourceTree = "<group>";
		};
		95F03BCE238D707B00E8ED7E /* PassingAndSharingDataBetweenViewsInSwiftUI */ = {
			isa = PBXGroup;
			children = (
				95F03BCF238D707B00E8ED7E /* AppDelegate.swift */,
				95F03BD1238D707B00E8ED7E /* SceneDelegate.swift */,
				95F03BD3238D707B00E8ED7E /* ContentView.swift */,
				95F03BD5238D707C00E8ED7E /* Assets.xcassets */,
				95F03BDA238D707C00E8ED7E /* LaunchScreen.storyboard */,
				95F03BDD238D707C00E8ED7E /* Info.plist */,
				95F03BD7238D707C00E8ED7E /* Preview Content */,
				95F03BE3238D709B00E8ED7E /* UserSettings.swift */,
				95F03BE5238D71D000E8ED7E /* Media.swift */,
			);
			path = PassingAndSharingDataBetweenViewsInSwiftUI;
			sourceTree = "<group>";
		};
		95F03BD7238D707C00E8ED7E /* Preview Content */ = {
			isa = PBXGroup;
			children = (
				95F03BD8238D707C00E8ED7E /* Preview Assets.xcassets */,
			);
			path = "Preview Content";
			sourceTree = "<group>";
		};
/* End PBXGroup section */

/* Begin PBXNativeTarget section */
		95F03BCB238D707B00E8ED7E /* PassingAndSharingDataBetweenViewsInSwiftUI */ = {
			isa = PBXNativeTarget;
			buildConfigurationList = 95F03BE0238D707C00E8ED7E /* Build configuration list for PBXNativeTarget "PassingAndSharingDataBetweenViewsInSwiftUI" */;
			buildPhases = (
				95F03BC8238D707B00E8ED7E /* Sources */,
				95F03BC9238D707B00E8ED7E /* Frameworks */,
				95F03BCA238D707B00E8ED7E /* Resources */,
			);
			buildRules = (
			);
			dependencies = (
			);
			name = PassingAndSharingDataBetweenViewsInSwiftUI;
			productName = PassingAndSharingDataBetweenViewsInSwiftUI;
			productReference = 95F03BCC238D707B00E8ED7E /* PassingAndSharingDataBetweenViewsInSwiftUI.app */;
			productType = "com.apple.product-type.application";
		};
/* End PBXNativeTarget section */

/* Begin PBXProject section */
		95F03BC4238D707B00E8ED7E /* Project object */ = {
			isa = PBXProject;
			attributes = {
				LastSwiftUpdateCheck = 1110;
				LastUpgradeCheck = 1110;
				ORGANIZATIONNAME = com.ri;
				TargetAttributes = {
					95F03BCB238D707B00E8ED7E = {
						CreatedOnToolsVersion = 11.1;
					};
				};
			};
			buildConfigurationList = 95F03BC7238D707B00E8ED7E /* Build configuration list for PBXProject "PassingAndSharingDataBetweenViewsInSwiftUI" */;
			compatibilityVersion = "Xcode 9.3";
			developmentRegion = en;
			hasScannedForEncodings = 0;
			knownRegions = (
				en,
				Base,
			);
			mainGroup = 95F03BC3238D707B00E8ED7E;
			productRefGroup = 95F03BCD238D707B00E8ED7E /* Products */;
			projectDirPath = "";
			projectRoot = "";
			targets = (
				95F03BCB238D707B00E8ED7E /* PassingAndSharingDataBetweenViewsInSwiftUI */,
			);
		};
/* End PBXProject section */

/* Begin PBXResourcesBuildPhase section */
		95F03BCA238D707B00E8ED7E /* Resources */ = {
			isa = PBXResourcesBuildPhase;
			buildActionMask = 2147483647;
			files = (
				95F03BDC238D707C00E8ED7E /* LaunchScreen.storyboard in Resources */,
				95F03BD9238D707C00E8ED7E /* Preview Assets.xcassets in Resources */,
				95F03BD6238D707C00E8ED7E /* Assets.xcassets in Resources */,
			);
			runOnlyForDeploymentPostprocessing = 0;
		};
/* End PBXResourcesBuildPhase section */

/* Begin PBXSourcesBuildPhase section */
		95F03BC8238D707B00E8ED7E /* Sources */ = {
			isa = PBXSourcesBuildPhase;
			buildActionMask = 2147483647;
			files = (
				95F03BD0238D707B00E8ED7E /* AppDelegate.swift in Sources */,
				95F03BE4238D709B00E8ED7E /* UserSettings.swift in Sources */,
				95F03BD2238D707B00E8ED7E /* SceneDelegate.swift in Sources */,
				95F03BD4238D707B00E8ED7E /* ContentView.swift in Sources */,
				95F03BE6238D71D000E8ED7E /* Media.swift in Sources */,
			);
			runOnlyForDeploymentPostprocessing = 0;
		};
/* End PBXSourcesBuildPhase section */

/* Begin PBXVariantGroup section */
		95F03BDA238D707C00E8ED7E /* LaunchScreen.storyboard */ = {
			isa = PBXVariantGroup;
			children = (
				95F03BDB238D707C00E8ED7E /* Base */,
			);
			name = LaunchScreen.storyboard;
			sourceTree = "<group>";
		};
/* End PBXVariantGroup section */

/* Begin XCBuildConfiguration section */
		95F03BDE238D707C00E8ED7E /* Debug */ = {
			isa = XCBuildConfiguration;
			buildSettings = {
				ALWAYS_SEARCH_USER_PATHS = NO;
				CLANG_ANALYZER_NONNULL = YES;
				CLANG_ANALYZER_NUMBER_OBJECT_CONVERSION = YES_AGGRESSIVE;
				CLANG_CXX_LANGUAGE_STANDARD = "gnu++14";
				CLANG_CXX_LIBRARY = "libc++";
				CLANG_ENABLE_MODULES = YES;
				CLANG_ENABLE_OBJC_ARC = YES;
				CLANG_ENABLE_OBJC_WEAK = YES;
				CLANG_WARN_BLOCK_CAPTURE_AUTORELEASING = YES;
				CLANG_WARN_BOOL_CONVERSION = YES;
				CLANG_WARN_COMMA = YES;
				CLANG_WARN_CONSTANT_CONVERSION = YES;
				CLANG_WARN_DEPRECATED_OBJC_IMPLEMENTATIONS = YES;
				CLANG_WARN_DIRECT_OBJC_ISA_USAGE = YES_ERROR;
				CLANG_WARN_DOCUMENTATION_COMMENTS = YES;
				CLANG_WARN_EMPTY_BODY = YES;
				CLANG_WARN_ENUM_CONVERSION = YES;
				CLANG_WARN_INFINITE_RECURSION = YES;
				CLANG_WARN_INT_CONVERSION = YES;
				CLANG_WARN_NON_LITERAL_NULL_CONVERSION = YES;
				CLANG_WARN_OBJC_IMPLICIT_RETAIN_SELF = YES;
				CLANG_WARN_OBJC_LITERAL_CONVERSION = YES;
				CLANG_WARN_OBJC_ROOT_CLASS = YES_ERROR;
				CLANG_WARN_RANGE_LOOP_ANALYSIS = YES;
				CLANG_WARN_STRICT_PROTOTYPES = YES;
				CLANG_WARN_SUSPICIOUS_MOVE = YES;
				CLANG_WARN_UNGUARDED_AVAILABILITY = YES_AGGRESSIVE;
				CLANG_WARN_UNREACHABLE_CODE = YES;
				CLANG_WARN__DUPLICATE_METHOD_MATCH = YES;
				COPY_PHASE_STRIP = NO;
				DEBUG_INFORMATION_FORMAT = dwarf;
				ENABLE_STRICT_OBJC_MSGSEND = YES;
				ENABLE_TESTABILITY = YES;
				GCC_C_LANGUAGE_STANDARD = gnu11;
				GCC_DYNAMIC_NO_PIC = NO;
				GCC_NO_COMMON_BLOCKS = YES;
				GCC_OPTIMIZATION_LEVEL = 0;
				GCC_PREPROCESSOR_DEFINITIONS = (
					"DEBUG=1",
					"$(inherited)",
				);
				GCC_WARN_64_TO_32_BIT_CONVERSION = YES;
				GCC_WARN_ABOUT_RETURN_TYPE = YES_ERROR;
				GCC_WARN_UNDECLARED_SELECTOR = YES;
				GCC_WARN_UNINITIALIZED_AUTOS = YES_AGGRESSIVE;
				GCC_WARN_UNUSED_FUNCTION = YES;
				GCC_WARN_UNUSED_VARIABLE = YES;
				IPHONEOS_DEPLOYMENT_TARGET = 13.1;
				MTL_ENABLE_DEBUG_INFO = INCLUDE_SOURCE;
				MTL_FAST_MATH = YES;
				ONLY_ACTIVE_ARCH = YES;
				SDKROOT = iphoneos;
				SWIFT_ACTIVE_COMPILATION_CONDITIONS = DEBUG;
				SWIFT_OPTIMIZATION_LEVEL = "-Onone";
			};
			name = Debug;
		};
		95F03BDF238D707C00E8ED7E /* Release */ = {
			isa = XCBuildConfiguration;
			buildSettings = {
				ALWAYS_SEARCH_USER_PATHS = NO;
				CLANG_ANALYZER_NONNULL = YES;
				CLANG_ANALYZER_NUMBER_OBJECT_CONVERSION = YES_AGGRESSIVE;
				CLANG_CXX_LANGUAGE_STANDARD = "gnu++14";
				CLANG_CXX_LIBRARY = "libc++";
				CLANG_ENABLE_MODULES = YES;
				CLANG_ENABLE_OBJC_ARC = YES;
				CLANG_ENABLE_OBJC_WEAK = YES;
				CLANG_WARN_BLOCK_CAPTURE_AUTORELEASING = YES;
				CLANG_WARN_BOOL_CONVERSION = YES;
				CLANG_WARN_COMMA = YES;
				CLANG_WARN_CONSTANT_CONVERSION = YES;
				CLANG_WARN_DEPRECATED_OBJC_IMPLEMENTATIONS = YES;
				CLANG_WARN_DIRECT_OBJC_ISA_USAGE = YES_ERROR;
				CLANG_WARN_DOCUMENTATION_COMMENTS = YES;
				CLANG_WARN_EMPTY_BODY = YES;
				CLANG_WARN_ENUM_CONVERSION = YES;
				CLANG_WARN_INFINITE_RECURSION = YES;
				CLANG_WARN_INT_CONVERSION = YES;
				CLANG_WARN_NON_LITERAL_NULL_CONVERSION = YES;
				CLANG_WARN_OBJC_IMPLICIT_RETAIN_SELF = YES;
				CLANG_WARN_OBJC_LITERAL_CONVERSION = YES;
				CLANG_WARN_OBJC_ROOT_CLASS = YES_ERROR;
				CLANG_WARN_RANGE_LOOP_ANALYSIS = YES;
				CLANG_WARN_STRICT_PROTOTYPES = YES;
				CLANG_WARN_SUSPICIOUS_MOVE = YES;
				CLANG_WARN_UNGUARDED_AVAILABILITY = YES_AGGRESSIVE;
				CLANG_WARN_UNREACHABLE_CODE = YES;
				CLANG_WARN__DUPLICATE_METHOD_MATCH = YES;
				COPY_PHASE_STRIP = NO;
				DEBUG_INFORMATION_FORMAT = "dwarf-with-dsym";
				ENABLE_NS_ASSERTIONS = NO;
				ENABLE_STRICT_OBJC_MSGSEND = YES;
				GCC_C_LANGUAGE_STANDARD = gnu11;
				GCC_NO_COMMON_BLOCKS = YES;
				GCC_WARN_64_TO_32_BIT_CONVERSION = YES;
				GCC_WARN_ABOUT_RETURN_TYPE = YES_ERROR;
				GCC_WARN_UNDECLARED_SELECTOR = YES;
				GCC_WARN_UNINITIALIZED_AUTOS = YES_AGGRESSIVE;
				GCC_WARN_UNUSED_FUNCTION = YES;
				GCC_WARN_UNUSED_VARIABLE = YES;
				IPHONEOS_DEPLOYMENT_TARGET = 13.1;
				MTL_ENABLE_DEBUG_INFO = NO;
				MTL_FAST_MATH = YES;
				SDKROOT = iphoneos;
				SWIFT_COMPILATION_MODE = wholemodule;
				SWIFT_OPTIMIZATION_LEVEL = "-O";
				VALIDATE_PRODUCT = YES;
			};
			name = Release;
		};
		95F03BE1238D707C00E8ED7E /* Debug */ = {
			isa = XCBuildConfiguration;
			buildSettings = {
				ASSETCATALOG_COMPILER_APPICON_NAME = AppIcon;
				CODE_SIGN_STYLE = Automatic;
				DEVELOPMENT_ASSET_PATHS = "\"PassingAndSharingDataBetweenViewsInSwiftUI/Preview Content\"";
				DEVELOPMENT_TEAM = L8W86DZDY2;
				ENABLE_PREVIEWS = YES;
				INFOPLIST_FILE = PassingAndSharingDataBetweenViewsInSwiftUI/Info.plist;
				LD_RUNPATH_SEARCH_PATHS = (
					"$(inherited)",
					"@executable_path/Frameworks",
				);
				PRODUCT_BUNDLE_IDENTIFIER = com.ri.PassingAndSharingDataBetweenViewsInSwiftUI;
				PRODUCT_NAME = "$(TARGET_NAME)";
				SWIFT_VERSION = 5.0;
				TARGETED_DEVICE_FAMILY = "1,2";
			};
			name = Debug;
		};
		95F03BE2238D707C00E8ED7E /* Release */ = {
			isa = XCBuildConfiguration;
			buildSettings = {
				ASSETCATALOG_COMPILER_APPICON_NAME = AppIcon;
				CODE_SIGN_STYLE = Automatic;
				DEVELOPMENT_ASSET_PATHS = "\"PassingAndSharingDataBetweenViewsInSwiftUI/Preview Content\"";
				DEVELOPMENT_TEAM = L8W86DZDY2;
				ENABLE_PREVIEWS = YES;
				INFOPLIST_FILE = PassingAndSharingDataBetweenViewsInSwiftUI/Info.plist;
				LD_RUNPATH_SEARCH_PATHS = (
					"$(inherited)",
					"@executable_path/Frameworks",
				);
				PRODUCT_BUNDLE_IDENTIFIER = com.ri.PassingAndSharingDataBetweenViewsInSwiftUI;
				PRODUCT_NAME = "$(TARGET_NAME)";
				SWIFT_VERSION = 5.0;
				TARGETED_DEVICE_FAMILY = "1,2";
			};
			name = Release;
		};
/* End XCBuildConfiguration section */

/* Begin XCConfigurationList section */
		95F03BC7238D707B00E8ED7E /* Build configuration list for PBXProject "PassingAndSharingDataBetweenViewsInSwiftUI" */ = {
			isa = XCConfigurationList;
			buildConfigurations = (
				95F03BDE238D707C00E8ED7E /* Debug */,
				95F03BDF238D707C00E8ED7E /* Release */,
			);
			defaultConfigurationIsVisible = 0;
			defaultConfigurationName = Release;
		};
		95F03BE0238D707C00E8ED7E /* Build configuration list for PBXNativeTarget "PassingAndSharingDataBetweenViewsInSwiftUI" */ = {
			isa = XCConfigurationList;
			buildConfigurations = (
				95F03BE1238D707C00E8ED7E /* Debug */,
				95F03BE2238D707C00E8ED7E /* Release */,
			);
			defaultConfigurationIsVisible = 0;
			defaultConfigurationName = Release;
		};
/* End XCConfigurationList section */
	};
	rootObject = 95F03BC4238D707B00E8ED7E /* Project object */;
}
